
Microsoft Visual Studio Solution File, Format Version 12.00
# Visual Studio 15
VisualStudioVersion = 15.0.35431.46
MinimumVisualStudioVersion = 10.0.40219.1
Project("{FAE04EC0-301F-11D3-BF4B-00C04F79EFBC}") = "WebTinhTien", "WebTinhTien\WebTinhTien.csproj", "{69D6B2B1-11AF-4494-8A4D-B4837C222C95}"
EndProject
Project("{FAE04EC0-301F-11D3-BF4B-00C04F79EFBC}") = "CoreWebTinhTien", "CoreWebTinhTien\CoreWebTinhTien.csproj", "{0F64E3FD-CEA5-4570-A4D9-DA7707BCA16B}"
EndProject
Global
	GlobalSection(SolutionConfigurationPlatforms) = preSolution
		Debug|Any CPU = Debug|Any CPU
		Release|Any CPU = Release|Any CPU
	EndGlobalSection
	GlobalSection(ProjectConfigurationPlatforms) = postSolution
		{69D6B2B1-11AF-4494-8A4D-B4837C222C95}.Debug|Any CPU.ActiveCfg = Debug|Any CPU
		{69D6B2B1-11AF-4494-8A4D-B4837C222C95}.Debug|Any CPU.Build.0 = Debug|Any CPU
		{69D6B2B1-11AF-4494-8A4D-B4837C222C95}.Release|Any CPU.ActiveCfg = Release|Any CPU
		{69D6B2B1-11AF-4494-8A4D-B4837C222C95}.Release|Any CPU.Build.0 = Release|Any CPU
		{0F64E3FD-CEA5-4570-A4D9-DA7707BCA16B}.Debug|Any CPU.ActiveCfg = Debug|Any CPU
		{0F64E3FD-CEA5-4570-A4D9-DA7707BCA16B}.Debug|Any CPU.Build.0 = Debug|Any CPU
		{0F64E3FD-CEA5-4570-A4D9-DA7707BCA16B}.Release|Any CPU.ActiveCfg = Release|Any CPU
		{0F64E3FD-CEA5-4570-A4D9-DA7707BCA16B}.Release|Any CPU.Build.0 = Release|Any CPU
	EndGlobalSection
	GlobalSection(SolutionProperties) = preSolution
		HideSolutionNode = FALSE
	EndGlobalSection
	GlobalSection(ExtensibilityGlobals) = postSolution
		SolutionGuid = {B95C3917-0D8E-4195-9751-C0B67053560B}
	EndGlobalSection
EndGlobal
